{
  "name": "lab1-frontend",
  "version": "1.0.0",
  "lockfileVersion": 3,
  "requires": true,
  "packages": {
    "": {
      "name": "lab1-frontend",
      "version": "1.0.0",
      "dependencies": {
        "next": "14.2.5",
        "react": "18.3.1",
        "react-dom": "18.3.1",
        "swagger-ui-react": "5.1.0"
      }
    },
    "node_modules/@babel/runtime": {
      "version": "7.29.7",
      "resolved": "https://registry.npmjs.org/@babel/runtime/-/runtime-7.29.7.tgz",
      "integrity": "sha512-Nq8OhGWiZIZGV6hLHoyAKLLcJihP/xFeBMGJoUrxTX2psI8dCifzLhZISFb+VWS3wFMRDmCGw5R+dOySCqPLhw==",
      "license": "MIT",
      "engines": {
        "node": ">=6.9.0"
      }
    },
    "node_modules/@babel/runtime-corejs3": {
      "version": "7.29.7",
      "resolved": "https://registry.npmjs.org/@babel/runtime-corejs3/-/runtime-corejs3-7.29.7.tgz",
      "integrity": "sha512-ppj9ouYku+RX0ljtgZd+KMO5mkM2bCqg8H2PYAFWnLsHEIKIdRojqbJ2i3eVHrisuxy7nOFCmngTDdWtUCdXUQ==",
      "license": "MIT",
      "dependencies": {
        "core-js-pure": "^3.48.0"
      },
      "engines": {
        "node": ">=6.9.0"
      }
    },
    "node_modules/@braintree/sanitize-url": {
      "version": "6.0.2",
      "resolved": "https://registry.npmjs.org/@braintree/sanitize-url/-/sanitize-url-6.0.2.tgz",
      "integrity": "sha512-Tbsj02wXCbqGmzdnXNk0SOF19ChhRU70BsroIi4Pm6Ehp56in6vch94mfbdQ17DozxkL3BAVjbZ4Qc1a0HFRAg==",
      "license": "MIT"
    },
    "node_modules/@next/env": {
      "version": "14.2.5",
      "resolved": "https://registry.npmjs.org/@next/env/-/env-14.2.5.tgz",
      "integrity": "sha512-/zZGkrTOsraVfYjGP8uM0p6r0BDT6xWpkjdVbcz66PJVSpwXX3yNiRycxAuDfBKGWBrZBXRuK/YVlkNgxHGwmA==",
      "license": "MIT"
    },
    "node_modules/@next/swc-darwin-arm64": {
      "version": "14.2.5",
      "resolved": "https://registry.npmjs.org/@next/swc-darwin-arm64/-/swc-darwin-arm64-14.2.5.tgz",
      "integrity": "sha512-/9zVxJ+K9lrzSGli1///ujyRfon/ZneeZ+v4ptpiPoOU+GKZnm8Wj8ELWU1Pm7GHltYRBklmXMTUqM/DqQ99FQ==",
      "cpu": [
        "arm64"
      ],
      "license": "MIT",
      "optional": true,
      "os": [
        "darwin"
      ],
      "engines": {
        "node": ">= 10"
      }
    },
    "node_modules/@next/swc-darwin-x64": {
      "version": "14.2.5",
      "resolved": "https://registry.npmjs.org/@next/swc-darwin-x64/-/swc-darwin-x64-14.2.5.tgz",
      "integrity": "sha512-vXHOPCwfDe9qLDuq7U1OYM2wUY+KQ4Ex6ozwsKxp26BlJ6XXbHleOUldenM67JRyBfVjv371oneEvYd3H2gNSA==",
      "cpu": [
        "x64"
      ],
      "license": "MIT",
      "optional": true,
      "os": [
        "darwin"
      ],
      "engines": {
        "node": ">= 10"
      }
    },
    "node_modules/@next/swc-linux-arm64-gnu": {
      "version": "14.2.5",
      "resolved": "https://registry.npmjs.org/@next/swc-linux-arm64-gnu/-/swc-linux-arm64-gnu-14.2.5.tgz",
      "integrity": "sha512-vlhB8wI+lj8q1ExFW8lbWutA4M2ZazQNvMWuEDqZcuJJc78iUnLdPPunBPX8rC4IgT6lIx/adB+Cwrl99MzNaA==",
      "cpu": [
        "arm64"
      ],
      "license": "MIT",
      "optional": true,
      "os": [
        "linux"
      ],
      "engines": {
        "node": ">= 10"
      }
    },
    "node_modules/@next/swc-linux-arm64-musl": {
      "version": "14.2.5",
      "resolved": "https://registry.npmjs.org/@next/swc-linux-arm64-musl/-/swc-linux-arm64-musl-14.2.5.tgz",
      "integrity": "sha512-NpDB9NUR2t0hXzJJwQSGu1IAOYybsfeB+LxpGsXrRIb7QOrYmidJz3shzY8cM6+rO4Aojuef0N/PEaX18pi9OA==",
      "cpu": [
        "arm64"
      ],
      "license": "MIT",
      "optional": true,
      "os": [
        "linux"
      ],
      "engines": {
        "node": ">= 10"
      }
    },
    "node_modules/@next/swc-linux-x64-gnu": {
      "version": "14.2.5",
      "resolved": "https://registry.npmjs.org/@next/swc-linux-x64-gnu/-/swc-linux-x64-gnu-14.2.5.tgz",
      "integrity": "sha512-8XFikMSxWleYNryWIjiCX+gU201YS+erTUidKdyOVYi5qUQo/gRxv/3N1oZFCgqpesN6FPeqGM72Zve+nReVXQ==",
      "cpu": [
        "x64"
      ],
      "license": "MIT",
      "optional": true,
      "os": [
        "linux"
      ],
      "engines": {
        "node": ">= 10"
      }
    },
    "node_modules/@next/swc-linux-x64-musl": {
      "version": "14.2.5",
      "resolved": "https://registry.npmjs.org/@next/swc-linux-x64-musl/-/swc-linux-x64-musl-14.2.5.tgz",
      "integrity": "sha512-6QLwi7RaYiQDcRDSU/os40r5o06b5ue7Jsk5JgdRBGGp8l37RZEh9JsLSM8F0YDsgcosSeHjglgqi25+m04IQ==",
      "cpu": [
        "x64"
      ],
      "license": "MIT",
      "optional": true,
      "os": [
        "linux"
      ],
      "engines": {
        "node": ">= 10"
      }
    },
    "node_modules/@next/swc-win32-arm64-msvc": {
      "version": "14.2.5",
      "resolved": "https://registry.npmjs.org/@next/swc-win32-arm64-msvc/-/swc-win32-arm64-msvc-14.2.5.tgz",
      "integrity": "sha512-1GpG2VhbspO+aYoMOQPQiqc/tG3LzmsdBH0LhnDS3JrtDx2QmzXe0B6mSZZiN3Bq7IOMXxv1nlsjzoS1+9mzZw==",
      "cpu": [
        "arm64"
      ],
      "license": "MIT",
      "optional": true,
      "os": [
        "win32"
      ],
      "engines": {
        "node": ">= 10"
      }
    },
    "node_modules/@next/swc-win32-ia32-msvc": {
      "version": "14.2.5",
      "resolved": "https://registry.npmjs.org/@next/swc-win32-ia32-msvc/-/swc-win32-ia32-msvc-14.2.5.tgz",
      "integrity": "sha512-Igh9ZlxwvCDsu6438FXlQTHlRno4gFpJzqPjSIBZooD22tKeI4fE/YMRoHVJHmrQ2P5YL1DoZ0qaOKkbeFWeMg==",
      "cpu": [
        "ia32"
      ],
      "license": "MIT",
      "optional": true,
      "os": [
        "win32"
      ],
      "engines": {
        "node": ">= 10"
      }
    },
    "node_modules/@next/swc-win32-x64-msvc": {
      "version": "14.2.5",
      "resolved": "https://registry.npmjs.org/@next/swc-win32-x64-msvc/-/swc-win32-x64-msvc-14.2.5.tgz",
      "integrity": "sha512-tEQ7oinq1/CjSG9uSTerca3v4AZ+dFa+4Yu6ihaG8Ud8ddqLQgFGcnwYls13H5X5CPDPZJdYxyeMui6muOLd4g==",
      "cpu": [
        "x64"
      ],
      "license": "MIT",
      "optional": true,
      "os": [
        "win32"
      ],
      "engines": {
        "node": ">= 10"
      }
    },
    "node_modules/@scarf/scarf": {
      "version": "1.4.0",
      "resolved": "https://registry.npmjs.org/@scarf/scarf/-/scarf-1.4.0.tgz",
      "integrity": "sha512-xxeapPiUXdZAE3che6f3xogoJPeZgig6omHEy1rIY5WVsB3H2BHNnZH+gHG6x91SCWyQCzWGsuL2Hh3ClO5/qQ==",
      "hasInstallScript": true,
      "license": "Apache-2.0"
    },
    "node_modules/@swagger-api/apidom-ast": {
      "version": "1.11.3",
      "resolved": "https://registry.npmjs.org/@swagger-api/apidom-ast/-/apidom-ast-1.11.3.tgz",
      "integrity": "sha512-Nfi/0vy+cIHClX7raXamtHnCMBbwI1PEg+yroIzyy8LcCH7zcS0Xi4ARG3CkDQswOnWO2gLDAUAFjDvkQWdZ+A==",
      "license": "Apache-2.0",
      "dependencies": {
        "@babel/runtime-corejs3": "^7.26.10",
        "@swagger-api/apidom-error": "^1.11.3",
        "@types/ramda": "~0.30.0",
        "ramda": "~0.30.0",
        "ramda-adjunct": "^5.0.0",
        "unraw": "^3.0.0"
      }
    },
    "node_modules/@swagger-api/apidom-core": {
      "version": "1.11.3",
      "resolved": "https://registry.npmjs.org/@swagger-api/apidom-core/-/apidom-core-1.11.3.tgz",
      "integrity": "sha512-21/PXEqCzsWkiwKWHt0TPJE7GUtog3BhMlvYLUEPbteXOrk+PNazbjYDPl4zfZGRLaoGhTqpFBY5pXafdzaHWQ==",
      "license": "Apache-2.0",
      "dependencies": {
        "@babel/runtime-corejs3": "^7.26.10",
        "@swagger-api/apidom-ast": "^1.11.3",
        "@swagger-api/apidom-error": "^1.11.3",
        "@types/ramda": "~0.30.0",
        "minim": "~0.23.8",
        "ramda": "~0.30.0",
        "ramda-adjunct": "^5.0.0",
        "short-unique-id": "^5.3.2",
        "ts-mixer": "^6.0.3"
      }
    },
    "node_modules/@swagger-api/apidom-error": {
      "version": "1.11.3",
      "resolved": "https://registry.npmjs.org/@swagger-api/apidom-error/-/apidom-error-1.11.3.tgz",
      "integrity": "sha512-Z4mIDyZUF2kDFHBzKsxkYSaHpGSvGDc7gAkdzLKxcQk4849iCUXxs0PpQLxZxfYcmUSwkw7AZmIP/OKGpsR8JA==",
      "license": "Apache-2.0",
      "dependencies": {
        "@babel/runtime-corejs3": "^7.20.7"
      }
    },
    "node_modules/@swagger-api/apidom-json-pointer": {
      "version": "1.11.3",
      "resolved": "https://registry.npmjs.org/@swagger-api/apidom-json-pointer/-/apidom-json-pointer-1.11.3.tgz",
      "integrity": "sha512-z6eEvJ5HIb0aFqVldHyU5Guut+bv/opu28i+rrfDb1LEG3IWk5T3DbW9d/nWpAfNze/bjwiZvPphmkuycijb2w==",
      "license": "Apache-2.0",
      "dependencies": {
        "@babel/runtime-corejs3": "^7.26.10",
        "@swagger-api/apidom-core": "^1.11.3",
        "@swagger-api/apidom-error": "^1.11.3",
        "@swaggerexpert/json-pointer": "^2.10.1"
      }
    },
    "node_modules/@swagger-api/apidom-ns-api-design-systems": {
      "version": "1.11.3",
      "resolved": "https://registry.npmjs.org/@swagger-api/apidom-ns-api-design-systems/-/apidom-ns-api-design-systems-1.11.3.tgz",
      "integrity": "sha512-HTISScqScdnUc2BKqMaWM+ISU79AlHlr+XHUR9g0R8QiO4KzCkWUi6TncP0gvGoEY+BvfR0OkztfxYrelkksmg==",
      "license": "Apache-2.0",
      "optional": true,
      "dependencies": {
        "@babel/runtime-corejs3": "^7.26.10",
        "@swagger-api/apidom-core": "^1.11.3",
        "@swagger-api/apidom-error": "^1.11.3",
        "@swagger-api/apidom-ns-openapi-3-1": "^1.11.3",
        "@types/ramda": "~0.30.0",
        "ramda": "~0.30.0",
        "ramda-adjunct": "^5.0.0",
        "ts-mixer": "^6.0.3"
      }
    },
    "node_modules/@swagger-api/apidom-ns-arazzo-1": {
      "version": "1.11.3",
      "resolved": "https://registry.npmjs.org/@swagger-api/apidom-ns-arazzo-1/-/apidom-ns-arazzo-1-1.11.3.tgz",
      "integrity": "sha512-AHRSbuYy5oA8c/7j7nahxMASjt0cuOWyUk4yu+cKG+KS85ho2f2NiFThqQjtIJLisvrp+qNniJ1EwTfcCTivTQ==",
      "license": "Apache-2.0",
      "optional": true,
      "dependencies": {
        "@babel/runtime-corejs3": "^7.26.10",
        "@swagger-api/apidom-core": "^1.11.3",
        "@swagger-api/apidom-ns-json-schema-2020-12": "^1.11.3",
        "@types/ramda": "~0.30.0",
        "ramda": "~0.30.0",
        "ramda-adjunct": "^5.0.0",
        "ts-mixer": "^6.0.3"
      }
    },
    "node_modules/@swagger-api/apidom-ns-asyncapi-2": {
      "version": "1.11.3",
      "resolved": "https://registry.npmjs.org/@swagger-api/apidom-ns-asyncapi-2/-/apidom-ns-asyncapi-2-1.11.3.tgz",
      "integrity": "sha512-bn/Pf52SCsSGcw7qO3gAje+KjhhpWJxWjjWQe5Jv9oPoXCnvGoSspSXMY3zIrhz9XfrP94AdWBUpOlWBoaaDBQ==",
      "license": "Apache-2.0",
      "optional": true,
      "dependencies": {
        "@babel/runtime-corejs3": "^7.26.10",
        "@swagger-api/apidom-core": "^1.11.3",
        "@swagger-api/apidom-ns-json-schema-draft-7": "^1.11.3",
        "@types/ramda": "~0.30.0",
        "ramda": "~0.30.0",
        "ramda-adjunct": "^5.0.0",
        "ts-mixer": "^6.0.3"
      }
    },
    "node_modules/@swagger-api/apidom-ns-asyncapi-3": {
      "version": "1.11.3",
      "resolved": "https://registry.npmjs.org/@swagger-api/apidom-ns-asyncapi-3/-/apidom-ns-asyncapi-3-1.11.3.tgz",
      "integrity": "sha512-QhZtf8YeMRVtgVioJj0qKdNG0LEzi9RPSrC9KWfCdwEBlkhNDhHFh6FIJWayYAwR6DPlOXjTYQf97V9QwIuRmQ==",
      "license": "Apache-2.0",
      "optional": true,
      "dependencies": {
        "@babel/runtime-corejs3": "^7.26.10",
        "@swagger-api/apidom-core": "^1.11.3",
        "@swagger-api/apidom-ns-asyncapi-2": "^1.11.3",
        "@types/ramda": "~0.30.0",
        "ramda": "~0.30.0",
        "ramda-adjunct": "^5.0.0",
        "ts-mixer": "^6.0.3"
      }
    },
    "node_modules/@swagger-api/apidom-ns-json-schema-2019-09": {
      "version": "1.11.3",
      "resolved": "https://registry.npmjs.org/@swagger-api/apidom-ns-json-schema-2019-09/-/apidom-ns-json-schema-2019-09-1.11.3.tgz",
      "integrity": "sha512-zHA4/oin6Fg6VN0bWmMRu1nt4Xnd05mF5T+Od6vEmid1bxDXpfSSMaPpdu+WCBJ5dDX19EeBVTJoAI0U4psxBg==",
      "license": "Apache-2.0",
      "dependencies": {
        "@babel/runtime-corejs3": "^7.26.10",
        "@swagger-api/apidom-core": "^1.11.3",
        "@swagger-api/apidom-error": "^1.11.3",
        "@swagger-api/apidom-ns-json-schema-draft-7": "^1.11.3",
        "@types/ramda": "~0.30.0",
        "ramda": "~0.30.0",
        "ramda-adjunct": "^5.0.0",
        "ts-mixer": "^6.0.4"
      }
    },
    "node_modules/@swagger-api/apidom-ns-json-schema-2020-12": {
      "version": "1.11.3",
      "resolved": "https://registry.npmjs.org/@swagger-api/apidom-ns-json-schema-2020-12/-/apidom-ns-json-schema-2020-12-1.11.3.tgz",
      "integrity": "sha512-zUWRb5DlvlZXtf2JmiNqUwwgGc4eUAsUQPU59kP140vkPT98HDhNJx9UXoHLgP5F/Zk8f2rzeG237u+JnCT9/g==",
      "license": "Apache-2.0",
      "dependencies": {
        "@babel/runtime-corejs3": "^7.26.10",
        "@swagger-api/apidom-core": "^1.11.3",
        "@swagger-api/apidom-error": "^1.11.3",
        "@swagger-api/apidom-ns-json-schema-2019-09": "^1.11.3",
        "@types/ramda": "~0.30.0",
        "ramda": "~0.30.0",
        "ramda-adjunct": "^5.0.0",
        "ts-mixer": "^6.0.4"
      }
    },
    "node_modules/@swagger-api/apidom-ns-json-schema-draft-4": {
      "version": "1.11.3",
      "resolved": "https://registry.npmjs.org/@swagger-api/apidom-ns-json-schema-draft-4/-/apidom-ns-json-schema-draft-4-1.11.3.tgz",
      "integrity": "sha512-udOM8ZQT7BzsyT9012R7/VjeazjOlyLwKpmpbgHZDG6uGHqsnWn9lN+F8/5Eox9qqBnQNqDNtDhBEMYjE6RYNQ==",
      "license": "Apache-2.0",
      "dependencies": {
        "@babel/runtime-corejs3": "^7.26.10",
        "@swagger-api/apidom-ast": "^1.11.3",
        "@swagger-api/apidom-core": "^1.11.3",
        "@types/ramda": "~0.30.0",
        "ramda": "~0.30.0",
        "ramda-adjunct": "^5.0.0",
        "ts-mixer": "^6.0.4"
      }
    },
    "node_modules/@swagger-api/apidom-ns-json-schema-draft-6": {
      "version": "1.11.3",
      "resolved": "https://registry.npmjs.org/@swagger-api/apidom-ns-json-schema-draft-6/-/apidom-ns-json-schema-draft-6-1.11.3.tgz",
      "integrity": "sha512-ZOgo5OtpQ6e5XQ5R1H8CYTYXEtnD0l+FyN065A6c2O1NxJXFKS2a5SZTvx+udA4mugtkTSmr7hAQe2ae+KAXQw==",
      "license": "Apache-2.0",
      "dependencies": {
        "@babel/runtime-corejs3": "^7.26.10",
        "@swagger-api/apidom-core": "^1.11.3",
        "@swagger-api/apidom-error": "^1.11.3",
        "@swagger-api/apidom-ns-json-schema-draft-4": "^1.11.3",
        "@types/ramda": "~0.30.0",
        "ramda": "~0.30.0",
        "ramda-adjunct": "^5.0.0",
        "ts-mixer": "^6.0.4"
      }
    },
    "node_modules/@swagger-api/apidom-ns-json-schema-draft-7": {
      "version": "1.11.3",
      "resolved": "https://registry.npmjs.org/@swagger-api/apidom-ns-json-schema-draft-7/-/apidom-ns-json-schema-draft-7-1.11.3.tgz",
      "integrity": "sha512-L5Sc0qMUrUbgVex3fN+tnNHjed/JCAwpwyzdHY8KgUfXHkfM5aLUyyAGirm+ObwZvGDEejsTT2Otp6B5S29eqw==",
      "license": "Apache-2.0",
      "dependencies": {
        "@babel/runtime-corejs3": "^7.26.10",
        "@swagger-api/apidom-core": "^1.11.3",
        "@swagger-api/apidom-error": "^1.11.3",
        "@swagger-api/apidom-ns-json-schema-draft-6": "^1.11.3",
        "@types/ramda": "~0.30.0",
        "ramda": "~0.30.0",
        "ramda-adjunct": "^5.0.0",
        "ts-mixer": "^6.0.4"
      }
    },
    "node_modules/@swagger-api/apidom-ns-openapi-2": {
      "version": "1.11.3",
      "resolved": "https://registry.npmjs.org/@swagger-api/apidom-ns-openapi-2/-/apidom-ns-openapi-2-1.11.3.tgz",
      "integrity": "sha512-T241UD+1My1hVJHayTCz9f7rznmeM8rxQW4NtUnD8k677SShpnNkrfeoc1elrpJXdTsnEPIOLCK0EEIyEplHgA==",
      "license": "Apache-2.0",
      "optional": true,
      "dependencies": {
        "@babel/runtime-corejs3": "^7.26.10",
        "@swagger-api/apidom-core": "^1.11.3",
        "@swagger-api/apidom-error": "^1.11.3",
        "@swagger-api/apidom-ns-json-schema-draft-4": "^1.11.3",
        "@types/ramda": "~0.30.0",
        "ramda": "~0.30.0",
        "ramda-adjunct": "^5.0.0",
        "ts-mixer": "^6.0.3"
      }
    },
    "node_modules/@swagger-api/apidom-ns-openapi-3-0": {
      "version": "1.11.3",
      "resolved": "https://registry.npmjs.org/@swagger-api/apidom-ns-openapi-3-0/-/apidom-ns-openapi-3-0-1.11.3.tgz",
      "integrity": "sha512-FZvBqWpZFciemMgWBGY89RIH5uLl6ZYtmMAhWzDcmEi1JSjmWKkoqZno//KlqSgbI09gbkzipdMjGK825givPA==",
      "license": "Apache-2.0",
      "dependencies": {
        "@babel/runtime-corejs3": "^7.26.10",
        "@swagger-api/apidom-core": "^1.11.3",
        "@swagger-api/apidom-error": "^1.11.3",
        "@swagger-api/apidom-ns-json-schema-draft-4": "^1.11.3",
        "@types/ramda": "~0.30.0",
        "ramda": "~0.30.0",
        "ramda-adjunct": "^5.0.0",
        "ts-mixer": "^6.0.3"
      }
    },
    "node_modules/@swagger-api/apidom-ns-openapi-3-1": {
      "version": "1.11.3",
      "resolved": "https://registry.npmjs.org/@swagger-api/apidom-ns-openapi-3-1/-/apidom-ns-openapi-3-1-1.11.3.tgz",
      "integrity": "sha512-ObCP+l3/ZhuPaSqXqmSnCpEOIMalQns0c4IZgX6h3o7Jc6K6BcqDMeq4s17dwcQja9fFUtkoIIFuquJBKvK86Q==",
      "license": "Apache-2.0",
      "dependencies": {
        "@babel/runtime-corejs3": "^7.26.10",
        "@swagger-api/apidom-ast": "^1.11.3",
        "@swagger-api/apidom-core": "^1.11.3",
        "@swagger-api/apidom-json-pointer": "^1.11.3",
        "@swagger-api/apidom-ns-json-schema-2020-12": "^1.11.3",
        "@swagger-api/apidom-ns-openapi-3-0": "^1.11.3",
        "@types/ramda": "~0.30.0",
        "ramda": "~0.30.0",
        "ramda-adjunct": "^5.0.0",
        "ts-mixer": "^6.0.3"
      }
    },
    "node_modules/@swagger-api/apidom-ns-openapi-3-2": {
      "version": "1.11.3",
      "resolved": "https://registry.npmjs.org/@swagger-api/apidom-ns-openapi-3-2/-/apidom-ns-openapi-3-2-1.11.3.tgz",
      "integrity": "sha512-Ri7KLrfrpJeteghUdzbozxKve2NG5Z1aPWX91DI14j75+v/xBAu91AIZt7K+LV8JWUNk+VbhUlhgSH1JAIVa0g==",
      "license": "Apache-2.0",
      "dependencies": {
        "@babel/runtime-corejs3": "^7.26.10",
        "@swagger-api/apidom-ast": "^1.11.3",
        "@swagger-api/apidom-core": "^1.11.3",
        "@swagger-api/apidom-json-pointer": "^1.11.3",
        "@swagger-api/apidom-ns-json-schema-2020-12": "^1.11.3",
        "@swagger-api/apidom-ns-openapi-3-0": "^1.11.3",
        "@swagger-api/apidom-ns-openapi-3-1": "^1.11.3",
        "@types/ramda": "~0.30.0",
        "ramda": "~0.30.0",
        "ramda-adjunct": "^5.0.0",
        "ts-mixer": "^6.0.3"
      }
    },
    "node_modules/@swagger-api/apidom-parser-adapter-api-design-systems-json": {
      "version": "1.11.3",
      "resolved": "https://registry.npmjs.org/@swagger-api/apidom-parser-adapter-api-design-systems-json/-/apidom-parser-adapter-api-design-systems-json-1.11.3.tgz",
      "integrity": "sha512-6LcwiY2Ce1qmsq8CSxCoRMJ3q2quFnEsNgI48LpM9/PYK/idjsB/WrnU9xSl9fXm/aTo/bOO0ckc8KadxVykfA==",
      "license": "Apache-2.0",
      "optional": true,
      "dependencies": {
        "@babel/runtime-corejs3": "^7.26.10",
        "@swagger-api/apidom-core": "^1.11.3",
        "@swagger-api/apidom-ns-api-design-systems": "^1.11.3",
        "@swagger-api/apidom-parser-adapter-json": "^1.11.3",
        "@types/ramda": "~0.30.0",
        "ramda": "~0.30.0",
        "ramda-adjunct": "^5.0.0"
      }
    },
    "node_modules/@swagger-api/apidom-parser-adapter-api-design-systems-yaml": {
      "version": "1.11.3",
      "resolved": "https://registry.npmjs.org/@swagger-api/apidom-parser-adapter-api-design-systems-yaml/-/apidom-parser-adapter-api-design-systems-yaml-1.11.3.tgz",
      "integrity": "sha512-zk2NuWAOvjEHYQ3lZ43VhAqJk+9KK452HeFfZFne4a4iALhCQ/wceK7tCG81jBMMoWnR0f1JS/vxz7/Y2CNwLA==",
      "license": "Apache-2.0",
      "optional": true,
      "dependencies": {
        "@babel/runtime-corejs3": "^7.26.10",
        "@swagger-api/apidom-core": "^1.11.3",
        "@swagger-api/apidom-ns-api-design-systems": "^1.11.3",
        "@swagger-api/apidom-parser-adapter-yaml-1-2": "^1.11.3",
        "@types/ramda": "~0.30.0",
        "ramda": "~0.30.0",
        "ramda-adjunct": "^5.0.0"
      }
    },
    "node_modules/@swagger-api/apidom-parser-adapter-arazzo-json-1": {
      "version": "1.11.3",
      "resolved": "https://registry.npmjs.org/@swagger-api/apidom-parser-adapter-arazzo-json-1/-/apidom-parser-adapter-arazzo-json-1-1.11.3.tgz",
      "integrity": "sha512-vXP6lYp6Q5/5nLkMJyBRTWYIZYxL6GnOsJsdnN0KdTHuoPXNZWsv5p2oPYlVE/W7gRAZDylUmYZQ1L9rr7BGRw==",
      "license": "Apache-2.0",
      "optional": true,
      "dependencies": {
        "@babel/runtime-corejs3": "^7.26.10",
        "@swagger-api/apidom-core": "^1.11.3",
        "@swagger-api/apidom-ns-arazzo-1": "^1.11.3",
        "@swagger-api/apidom-parser-adapter-json": "^1.11.3",
        "@types/ramda": "~0.30.0",
        "ramda": "~0.30.0",
        "ramda-adjunct": "^5.0.0"
      }
    },
    "node_modules/@swagger-api/apidom-parser-adapter-arazzo-yaml-1": {
      "version": "1.11.3",
      "resolved": "https://registry.npmjs.org/@swagger-api/apidom-parser-adapter-arazzo-yaml-1/-/apidom-parser-adapter-arazzo-yaml-1-1.11.3.tgz",
      "integrity": "sha512-zI57Q5DIf7TGv1A2gIk3umbPWMEFWYO3tEmfP0xJGDBn6A4eQsfC1/uSEeHSUyMQSYawcAWamsexnVpIP4Q==",
      "license": "Apache-2.0",
      "optional": true,
      "dependencies": {
        "@babel/runtime-corejs3": "^7.26.10",
        "@swagger-api/apidom-core": "^1.11.3",
        "@swagger-api/apidom-ns-arazzo-1": "^1.11.3",
        "@swagger-api/apidom-parser-adapter-yaml-1-2": "^1.11.3",
        "@types/ramda": "~0.30.0",
        "ramda": "~0.30.0",
        "ramda-adjunct": "^5.0.0"
      }
    },
    "node_modules/@swagger-api/apidom-parser-adapter-asyncapi-json-2": {
      "version": "1.11.3",
      "resolved": "https://registry.npmjs.org/@swagger-api/apidom-parser-adapter-asyncapi-json-2/-/apidom-parser-adapter-asyncapi-json-2-1.11.3.tgz",
      "integrity": "sha512-VGl15mpHaL+SlsXaRvcVaWXir+pCLrj99QN//Kuir3cpPW6P9IdBztj11bjoIG3aX1bOIrU16/uOhV4G5J4Kag==",
      "license": "Apache-2.0",
      "optional": true,
      "dependencies": {
        "@babel/runtime-corejs3": "^7.26.10",
        "@swagger-api/apidom-core": "^1.11.3",
        "@swagger-api/apidom-ns-asyncapi-2": "^1.11.3",
        "@swagger-api/apidom-parser-adapter-json": "^1.11.3",
        "@types/ramda": "~0.30.0",
        "ramda": "~0.30.0",
        "ramda-adjunct": "^5.0.0"
      }
    },
    "node_modules/@swagger-api/apidom-parser-adapter-asyncapi-json-3": {
      "version": "1.11.3",
      "resolved": "https://registry.npmjs.org/@swagger-api/apidom-parser-adapter-asyncapi-json-3/-/apidom-parser-adapter-asyncapi-json-3-1.11.3.tgz",
      "integrity": "sha512-37dNwdLAcAd7TZW8YqSbpuBoujfoM2AvXBoT1BUxzbYetwNkxP19Q1VtCEAzMxUEQ/9niBANSzuo0zClUEc2kw==",
      "license": "Apache-2.0",
      "optional": true,
      "dependencies": {
        "@babel/runtime-corejs3": "^7.26.10",
        "@swagger-api/apidom-core": "^1.11.3",
        "@swagger-api/apidom-ns-asyncapi-3": "^1.11.3",
        "@swagger-api/apidom-parser-adapter-json": "^1.11.3",
        "@types/ramda": "~0.30.0",
        "ramda": "~0.30.0",
        "ramda-adjunct": "^5.0.0"
      }
    },
    "node_modules/@swagger-api/apidom-parser-adapter-asyncapi-yaml-2": {
      "version": "1.11.3",
      "resolved": "https://registry.npmjs.org/@swagger-api/apidom-parser-adapter-asyncapi-yaml-2/-/apidom-parser-adapter-asyncapi-yaml-2-1.11.3.tgz",
      "integrity": "sha512-MEZHn+qROKehrXLhDhl7kSQADXjwU2NGSeNuBTr1/nINShpu4Tkxrk7xT0LY8GauKrZR9MyAnueATDQgK8NWhQ==",
      "license": "Apache-2.0",
      "optional": true,
      "dependencies": {
        "@babel/runtime-corejs3": "^7.26.10",
        "@swagger-api/apidom-core": "^1.11.3",
        "@swagger-api/apidom-ns-asyncapi-2": "^1.11.3",
        "@swagger-api/apidom-parser-adapter-yaml-1-2": "^1.11.3",
        "@types/ramda": "~0.30.0",
        "ramda": "~0.30.0",
        "ramda-adjunct": "^5.0.0"
      }
    },
    "node_modules/@swagger-api/apidom-parser-adapter-asyncapi-yaml-3": {
      "version": "1.11.3",
      "resolved": "https://registry.npmjs.org/@swagger-api/apidom-parser-adapter-asyncapi-yaml-3/-/apidom-parser-adapter-asyncapi-yaml-3-1.11.3.tgz",
      "integrity": "sha512-qHOK0NXnG7t5Gx0xCIbyfrM5FXLgK6krlZRPlrlT6K853MWWWWmjAieuayPtu72Ak1hd/8U2/oWgbONnPqj76w==",
      "license": "Apache-2.0",
      "optional": true,
      "dependencies": {
        "@babel/runtime-corejs3": "^7.26.10",
        "@swagger-api/apidom-core": "^1.11.3",
        "@swagger-api/apidom-ns-asyncapi-3": "^1.11.3",
        "@swagger-api/apidom-parser-adapter-yaml-1-2": "^1.11.3",
        "@types/ramda": "~0.30.0",
        "ramda": "~0.30.0",
        "ramda-adjunct": "^5.0.0"
      }
    },
    "node_modules/@swagger-api/apidom-parser-adapter-json": {
      "version": "1.11.3",
      "resolved": "https://registry.npmjs.org/@swagger-api/apidom-parser-adapter-json/-/apidom-parser-adapter-json-1.11.3.tgz",
      "integrity": "sha512-Wj/DTb6mblsaxKfye9kXLwS+KmWWLAM2M2oSs4muOclhAOtcffr2H+STtiT3Hwrzb+cW8RpX6Htvey4rvbj/Jg==",
      "license": "Apache-2.0",
      "optional": true,
      "dependencies": {
        "@babel/runtime-corejs3": "^7.26.10",
        "@swagger-api/apidom-ast": "^1.11.3",
        "@swagger-api/apidom-core": "^1.11.3",
        "@swagger-api/apidom-error": "^1.11.3",
        "@types/ramda": "~0.30.0",
        "ramda": "~0.30.0",
        "ramda-adjunct": "^5.0.0",
        "tree-sitter": "=0.21.1",
        "tree-sitter-json": "=0.24.8",
        "web-tree-sitter": "=0.24.5"
      }
    },
    "node_modules/@swagger-api/apidom-parser-adapter-openapi-json-2": {
      "version": "1.11.3",
      "resolved": "https://registry.npmjs.org/@swagger-api/apidom-parser-adapter-openapi-json-2/-/apidom-parser-adapter-openapi-json-2-1.11.3.tgz",
      "integrity": "sha512-aDR5vKSApqQgDkvJNJZqvp8slEWHGByz5bzDbw6ZHRPSIZcA2IEHdJPgWJVS5gNtJ+YAnA7veM39oqeoF2yy8w==",
      "license": "Apache-2.0",
      "optional": true,
      "dependencies": {
        "@babel/runtime-corejs3": "^7.26.10",
        "@swagger-api/apidom-core": "^1.11.3",
        "@swagger-api/apidom-ns-openapi-2": "^1.11.3",
        "@swagger-api/apidom-parser-adapter-json": "^1.11.3",
        "@types/ramda": "~0.30.0",
        "ramda": "~0.30.0",
        "ramda-adjunct": "^5.0.0"
      }
    },
    "node_modules/@swagger-api/apidom-parser-adapter-openapi-json-3-0": {
      "version": "1.11.3",
      "resolved": "https://registry.npmjs.org/@swagger-api/apidom-parser-adapter-openapi-json-3-0/-/apidom-parser-adapter-openapi-json-3-0-1.11.3.tgz",
      "integrity": "sha512-hpSBiaVG7qbyJy25/Pl48NCT9uvvsOPAAj+xCAb9TwmIPBcFkVYvj6ZWJbYZsOmzUzcNLOZEOBjRNPN3G31zmQ==",
      "license": "Apache-2.0",
      "optional": true,
      "dependencies": {
        "@babel/runtime-corejs3": "^7.26.10",
        "@swagger-api/apidom-core": "^1.11.3",
        "@swagger-api/apidom-ns-openapi-3-0": "^1.11.3",
        "@swagger-api/apidom-parser-adapter-json": "^1.11.3",
        "@types/ramda": "~0.30.0",
        "ramda": "~0.30.0",
        "ramda-adjunct": "^5.0.0"
      }
    },
    "node_modules/@swagger-api/apidom-parser-adapter-openapi-json-3-1": {
      "version": "1.11.3",
      "resolved": "https://registry.npmjs.org/@swagger-api/apidom-parser-adapter-openapi-json-3-1/-/apidom-parser-adapter-openapi-json-3-1-1.11.3.tgz",
      "integrity": "sha512-EP7U25s5We8Q/2olymVrJL2nKT+skTea6SnR8F3Eo... (truncated for brevity)
  }
}

